
Microsoft Visual Studio Solution File, Format Version 12.00
# Visual Studio 14
VisualStudioVersion = 14.0.25420.1
MinimumVisualStudioVersion = 10.0.40219.1
Project("{FAE04EC0-301F-11D3-BF4B-00C04F79EFBC}") = "CafeteriaManagementSystem", "CafeteriaManagementSystem\CafeteriaManagementSystem.csproj", "{1B5AC0D8-B34A-4628-82F2-6F892C0132F8}"
EndProject
Global
	GlobalSection(SolutionConfigurationPlatforms) = preSolution
		Debug|Any CPU = Debug|Any CPU
		Release|Any CPU = Release|Any CPU
	EndGlobalSection
	GlobalSection(ProjectConfigurationPlatforms) = postSolution
		{1B5AC0D8-B34A-4628-82F2-6F892C0132F8}.Debug|Any CPU.ActiveCfg = Debug|Any CPU
		{1B5AC0D8-B34A-4628-82F2-6F892C0132F8}.Debug|Any CPU.Build.0 = Debug|Any CPU
		{1B5AC0D8-B34A-4628-82F2-6F892C0132F8}.Release|Any CPU.ActiveCfg = Release|Any CPU
		{1B5AC0D8-B34A-4628-82F2-6F892C0132F8}.Release|Any CPU.Build.0 = Release|Any CPU
	EndGlobalSection
	GlobalSection(SolutionProperties) = preSolution
		HideSolutionNode = FALSE
	EndGlobalSection
EndGlobal
